{
    "name": "mdcode",
    "version": "0.0.1",
    "lockfileVersion": 2,
    "requires": true,
    "packages": {
        "": {
            "name": "mdcode",
            "version": "0.0.1",
            "license": "MIT",
            "dependencies": {
                "@curong/fs": "0.0.0-alpha.2",
                "@curong/regexp": "0.0.0-alpha.2",
                "@curong/term": "0.0.0-alpha.2",
                "@curong/types": "0.0.0-alpha.2"
            },
            "bin": {
                "mdcode": "dist/index.js"
            },
            "devDependencies": {
                "@types/node": "^14.14.41",
                "typescript": "^4.2.4"
            }
        },
        "node_modules/@curong/fs": {
            "version": "0.0.0-alpha.2",
            "resolved": "https://registry.npmmirror.com/@curong/fs/-/fs-0.0.0-alpha.2.tgz",
            "integrity": "sha512-c0jG54jkIdkFT/jwFGfUnRNcdGWJUxCQJlmFzeHX+vGEx2qb9F0uB3oQMgiNQcTRw2nU8kKMdUMI8PVw4wlquQ==",
            "dependencies": {
                "@curong/term": "^0.0.0-alpha.2",
                "@curong/types": "^0.0.0-alpha.2"
            }
        },
        "node_modules/@curong/regexp": {
            "version": "0.0.0-alpha.2",
            "resolved": "https://registry.npmmirror.com/@curong/regexp/-/regexp-0.0.0-alpha.2.tgz",
            "integrity": "sha512-pbpltF3pKjqDof+shy5ISMgbvZef6a8wGdCLhbxWV3Fafq9E7eQSZNcd9YdvDGQTMSLqhWkOGFj84/yUuTxdow==",
            "dependencies": {
                "@curong/types": "^0.0.0-alpha.2"
            }
        },
        "node_modules/@curong/term": {
            "version": "0.0.0-alpha.2",
            "resolved": "https://registry.npmmirror.com/@curong/term/-/term-0.0.0-alpha.2.tgz",
            "integrity": "sha512-krOg/meUrUU0rEy8LrMvLo03RYE1yNwfWI0OUlF2xZC9eiiVb7XYtSSH4DOYa3OP9y8ceyqXBw4yTe8sYLAw9Q==",
            "dependencies": {
                "@curong/types": "^0.0.0-alpha.2"
            }
        },
        "node_modules/@curong/types": {
            "version": "0.0.0-alpha.2",
            "resolved": "https://registry.npmmirror.com/@curong/types/-/types-0.0.0-alpha.2.tgz",
            "integrity": "sha512-bbmCSPNUO1f/FFLrCrKd9RUvw9B+E8WFQW3gojHCQRcLrsbM8ITUvPkm5tWJMngdYUkVgQ+hPbTF2emvrmzf/w=="
        },
        "node_modules/@types/node": {
            "version": "14.18.13",
            "resolved": "https://registry.npmmirror.com/@types/node/-/node-14.18.13.tgz",
            "integrity": "sha512-Z6/KzgyWOga3pJNS42A+zayjhPbf2zM3hegRQaOPnLOzEi86VV++6FLDWgR1LGrVCRufP/ph2daa3tEa5br1zA==",
            "dev": true
        },
        "node_modules/typescript": {
            "version": "4.6.3",
            "resolved": "https://registry.npmmirror.com/typescript/-/typescript-4.6.3.tgz",
            "integrity": "sha512-yNIatDa5iaofVozS/uQJEl3JRWLKKGJKh6Yaiv0GLGSuhpFJe7P3SbHZ8/yjAHRQwKRoA6YZqlfjXWmVzoVSMw==",
            "dev": true,
            "bin": {
                "tsc": "bin/tsc",
                "tsserver": "bin/tsserver"
            },
            "engines": {
                "node": ">=4.2.0"
            }
        }
    },
    "dependencies": {
        "@curong/fs": {
            "version": "0.0.0-alpha.2",
            "resolved": "https://registry.npmmirror.com/@curong/fs/-/fs-0.0.0-alpha.2.tgz",
            "integrity": "sha512-c0jG54jkIdkFT/jwFGfUnRNcdGWJUxCQJlmFzeHX+vGEx2qb9F0uB3oQMgiNQcTRw2nU8kKMdUMI8PVw4wlquQ==",
            "requires": {
                "@curong/term": "^0.0.0-alpha.2",
                "@curong/types": "^0.0.0-alpha.2"
            }
        },
        "@curong/regexp": {
            "version": "0.0.0-alpha.2",
            "resolved": "https://registry.npmmirror.com/@curong/regexp/-/regexp-0.0.0-alpha.2.tgz",
            "integrity": "sha512-pbpltF3pKjqDof+shy5ISMgbvZef6a8wGdCLhbxWV3Fafq9E7eQSZNcd9YdvDGQTMSLqhWkOGFj84/yUuTxdow==",
            "requires": {
                "@curong/types": "^0.0.0-alpha.2"
            }
        },
        "@curong/term": {
            "version": "0.0.0-alpha.2",
            "resolved": "https://registry.npmmirror.com/@curong/term/-/term-0.0.0-alpha.2.tgz",
            "integrity": "sha512-krOg/meUrUU0rEy8LrMvLo03RYE1yNwfWI0OUlF2xZC9eiiVb7XYtSSH4DOYa3OP9y8ceyqXBw4yTe8sYLAw9Q==",
            "requires": {
                "@curong/types": "^0.0.0-alpha.2"
            }
        },
        "@curong/types": {
            "version": "0.0.0-alpha.2",
            "resolved": "https://registry.npmmirror.com/@curong/types/-/types-0.0.0-alpha.2.tgz",
            "integrity": "sha512-bbmCSPNUO1f/FFLrCrKd9RUvw9B+E8WFQW3gojHCQRcLrsbM8ITUvPkm5tWJMngdYUkVgQ+hPbTF2emvrmzf/w=="
        },
        "@types/node": {
            "version": "14.18.13",
            "resolved": "https://registry.npmmirror.com/@types/node/-/node-14.18.13.tgz",
            "integrity": "sha512-Z6/KzgyWOga3pJNS42A+zayjhPbf2zM3hegRQaOPnLOzEi86VV++6FLDWgR1LGrVCRufP/ph2daa3tEa5br1zA==",
            "dev": true
        },
        "typescript": {
            "version": "4.6.3",
            "resolved": "https://registry.npmmirror.com/typescript/-/typescript-4.6.3.tgz",
            "integrity": "sha512-yNIatDa5iaofVozS/uQJEl3JRWLKKGJKh6Yaiv0GLGSuhpFJe7P3SbHZ8/yjAHRQwKRoA6YZqlfjXWmVzoVSMw==",
            "dev": true
        }
    }
}
